{
  "object": {
    "pins": [
      {
        "package": "Keyboard",
        "repositoryURL": "https://github.com/AudioKit/Keyboard.git",
        "state": {
          "branch": null,
          "revision": "3c3dd7bd0dd24af6a3d91dc49fa7f3375084d6a6",
          "version": "1.3.3"
        }
      },
      {
        "package": "Tonic",
        "repositoryURL": "https://github.com/AudioKit/Tonic.git",
        "state": {
          "branch": null,
          "revision": "d9280b44489bb753c4a2ac7206142547f2a986cc",
          "version": "1.0.7"
        }
      }
    ]
  },
  "version": 1
}
