// !$*UTF8*$!
{
	archiveVersion = 1;
	classes = {
	};
	objectVersion = 55;
	objects = {

/* Begin PBXBuildFile section */
		F13848EC28C9F212003531F0 /* PitchModWheelDemoView.swift in Sources */ = {isa = PBXBuildFile; fileRef = F13848EB28C9F212003531F0 /* PitchModWheelDemoView.swift */; };
		F13848ED28C9F212003531F0 /* PitchModWheelDemoView.swift in Sources */ = {isa = PBXBuildFile; fileRef = F13848EB28C9F212003531F0 /* PitchModWheelDemoView.swift */; };
		F155153828C96F6900E64E43 /* RibbonDemoView.swift in Sources */ = {isa = PBXBuildFile; fileRef = F155153728C96F6900E64E43 /* RibbonDemoView.swift */; };
		F155153928C96F6900E64E43 /* RibbonDemoView.swift in Sources */ = {isa = PBXBuildFile; fileRef = F155153728C96F6900E64E43 /* RibbonDemoView.swift */; };
		F155153B28C9C48400E64E43 /* XYPadDemoView.swift in Sources */ = {isa = PBXBuildFile; fileRef = F155153A28C9C48400E64E43 /* XYPadDemoView.swift */; };
		F155153C28C9C48400E64E43 /* XYPadDemoView.swift in Sources */ = {isa = PBXBuildFile; fileRef = F155153A28C9C48400E64E43 /* XYPadDemoView.swift */; };
		F1AF69D528A986E700472E04 /* Controls in Frameworks */ = {isa = PBXBuildFile; productRef = F1AF69D428A986E700472E04 /* Controls */; };
		F1AF69D728A986F500472E04 /* Controls in Frameworks */ = {isa = PBXBuildFile; productRef = F1AF69D628A986F500472E04 /* Controls */; };
		F1D9CD2E28A5D9EF00C2B893 /* ControlsDemoApp.swift in Sources */ = {isa = PBXBuildFile; fileRef = F1D9CD1E28A5D9EE00C2B893 /* ControlsDemoApp.swift */; };
		F1D9CD2F28A5D9EF00C2B893 /* ControlsDemoApp.swift in Sources */ = {isa = PBXBuildFile; fileRef = F1D9CD1E28A5D9EE00C2B893 /* ControlsDemoApp.swift */; };
		F1D9CD3028A5D9EF00C2B893 /* ContentView.swift in Sources */ = {isa = PBXBuildFile; fileRef = F1D9CD1F28A5D9EE00C2B893 /* ContentView.swift */; };
		F1D9CD3128A5D9EF00C2B893 /* ContentView.swift in Sources */ = {isa = PBXBuildFile; fileRef = F1D9CD1F28A5D9EE00C2B893 /* ContentView.swift */; };
		F1D9CD3228A5D9EF00C2B893 /* Assets.xcassets in Resources */ = {isa = PBXBuildFile; fileRef = F1D9CD2028A5D9EF00C2B893 /* Assets.xcassets */; };
		F1D9CD3328A5D9EF00C2B893 /* Assets.xcassets in Resources */ = {isa = PBXBuildFile; fileRef = F1D9CD2028A5D9EF00C2B893 /* Assets.xcassets */; };
		F1FAF67928CA79620072BCB9 /* IndexedSliderDemoView.swift in Sources */ = {isa = PBXBuildFile; fileRef = F1FAF67828CA79620072BCB9 /* IndexedSliderDemoView.swift */; };
		F1FAF67A28CA79620072BCB9 /* IndexedSliderDemoView.swift in Sources */ = {isa = PBXBuildFile; fileRef = F1FAF67828CA79620072BCB9 /* IndexedSliderDemoView.swift */; };
		F1FAF67C28CAA2BB0072BCB9 /* SmallKnobDemoView.swift in Sources */ = {isa = PBXBuildFile; fileRef = F1FAF67B28CAA2BB0072BCB9 /* SmallKnobDemoView.swift */; };
		F1FAF67D28CAA2BB0072BCB9 /* SmallKnobDemoView.swift in Sources */ = {isa = PBXBuildFile; fileRef = F1FAF67B28CAA2BB0072BCB9 /* SmallKnobDemoView.swift */; };
		F1FAF67F28CAA4B80072BCB9 /* JoystickDemoView.swift in Sources */ = {isa = PBXBuildFile; fileRef = F1FAF67E28CAA4B80072BCB9 /* JoystickDemoView.swift */; };
		F1FAF68028CAA4B80072BCB9 /* JoystickDemoView.swift in Sources */ = {isa = PBXBuildFile; fileRef = F1FAF67E28CAA4B80072BCB9 /* JoystickDemoView.swift */; };
		F1FAF68228CAA83B0072BCB9 /* ArcKnobDemoView.swift in Sources */ = {isa = PBXBuildFile; fileRef = F1FAF68128CAA83B0072BCB9 /* ArcKnobDemoView.swift */; };
		F1FAF68328CAA83B0072BCB9 /* ArcKnobDemoView.swift in Sources */ = {isa = PBXBuildFile; fileRef = F1FAF68128CAA83B0072BCB9 /* ArcKnobDemoView.swift */; };
		F1FAF68628CADE650072BCB9 /* Keyboard in Frameworks */ = {isa = PBXBuildFile; productRef = F1FAF68528CADE650072BCB9 /* Keyboard */; };
		F1FAF68828CADEC40072BCB9 /* KeyboardDemoView.swift in Sources */ = {isa = PBXBuildFile; fileRef = F1FAF68728CADEC40072BCB9 /* KeyboardDemoView.swift */; };
		F1FAF68928CADEC40072BCB9 /* KeyboardDemoView.swift in Sources */ = {isa = PBXBuildFile; fileRef = F1FAF68728CADEC40072BCB9 /* KeyboardDemoView.swift */; };
		F1FAF68B28CADEFC0072BCB9 /* Keyboard in Frameworks */ = {isa = PBXBuildFile; productRef = F1FAF68A28CADEFC0072BCB9 /* Keyboard */; };
/* End PBXBuildFile section */

/* Begin PBXFileReference section */
		F13848EB28C9F212003531F0 /* PitchModWheelDemoView.swift */ = {isa = PBXFileReference; lastKnownFileType = sourcecode.swift; path = PitchModWheelDemoView.swift; sourceTree = "<group>"; };
		F155153728C96F6900E64E43 /* RibbonDemoView.swift */ = {isa = PBXFileReference; lastKnownFileType = sourcecode.swift; path = RibbonDemoView.swift; sourceTree = "<group>"; };
		F155153A28C9C48400E64E43 /* XYPadDemoView.swift */ = {isa = PBXFileReference; lastKnownFileType = sourcecode.swift; path = XYPadDemoView.swift; sourceTree = "<group>"; };
		F1AF69D328A986D900472E04 /* Controls */ = {isa = PBXFileReference; lastKnownFileType = wrapper; name = Controls; path = ..; sourceTree = "<group>"; };
		F1D9CD1E28A5D9EE00C2B893 /* ControlsDemoApp.swift */ = {isa = PBXFileReference; lastKnownFileType = sourcecode.swift; path = ControlsDemoApp.swift; sourceTree = "<group>"; };
		F1D9CD1F28A5D9EE00C2B893 /* ContentView.swift */ = {isa = PBXFileReference; lastKnownFileType = sourcecode.swift; path = ContentView.swift; sourceTree = "<group>"; };
		F1D9CD2028A5D9EF00C2B893 /* Assets.xcassets */ = {isa = PBXFileReference; lastKnownFileType = folder.assetcatalog; path = Assets.xcassets; sourceTree = "<group>"; };
		F1D9CD2528A5D9EF00C2B893 /* ControlsDemo.app */ = {isa = PBXFileReference; explicitFileType = wrapper.application; includeInIndex = 0; path = ControlsDemo.app; sourceTree = BUILT_PRODUCTS_DIR; };
		F1D9CD2B28A5D9EF00C2B893 /* ControlsDemo.app */ = {isa = PBXFileReference; explicitFileType = wrapper.application; includeInIndex = 0; path = ControlsDemo.app; sourceTree = BUILT_PRODUCTS_DIR; };
		F1D9CD2D28A5D9EF00C2B893 /* macOS.entitlements */ = {isa = PBXFileReference; lastKnownFileType = text.plist.entitlements; path = macOS.entitlements; sourceTree = "<group>"; };
		F1FAF67828CA79620072BCB9 /* IndexedSliderDemoView.swift */ = {isa = PBXFileReference; lastKnownFileType = sourcecode.swift; path = IndexedSliderDemoView.swift; sourceTree = "<group>"; };
		F1FAF67B28CAA2BB0072BCB9 /* SmallKnobDemoView.swift */ = {isa = PBXFileReference; lastKnownFileType = sourcecode.swift; path = SmallKnobDemoView.swift; sourceTree = "<group>"; };
		F1FAF67E28CAA4B80072BCB9 /* JoystickDemoView.swift */ = {isa = PBXFileReference; lastKnownFileType = sourcecode.swift; path = JoystickDemoView.swift; sourceTree = "<group>"; };
		F1FAF68128CAA83B0072BCB9 /* ArcKnobDemoView.swift */ = {isa = PBXFileReference; lastKnownFileType = sourcecode.swift; path = ArcKnobDemoView.swift; sourceTree = "<group>"; };
		F1FAF68728CADEC40072BCB9 /* KeyboardDemoView.swift */ = {isa = PBXFileReference; lastKnownFileType = sourcecode.swift; path = KeyboardDemoView.swift; sourceTree = "<group>"; };
/* End PBXFileReference section */

/* Begin PBXFrameworksBuildPhase section */
		F1D9CD2228A5D9EF00C2B893 /* Frameworks */ = {
			isa = PBXFrameworksBuildPhase;
			buildActionMask = 2147483647;
			files = (
				F1AF69D528A986E700472E04 /* Controls in Frameworks */,
				F1FAF68628CADE650072BCB9 /* Keyboard in Frameworks */,
			);
			runOnlyForDeploymentPostprocessing = 0;
		};
		F1D9CD2828A5D9EF00C2B893 /* Frameworks */ = {
			isa = PBXFrameworksBuildPhase;
			buildActionMask = 2147483647;
			files = (
				F1AF69D728A986F500472E04 /* Controls in Frameworks */,
				F1FAF68B28CADEFC0072BCB9 /* Keyboard in Frameworks */,
			);
			runOnlyForDeploymentPostprocessing = 0;
		};
/* End PBXFrameworksBuildPhase section */

/* Begin PBXGroup section */
		F1D9CD1828A5D9EE00C2B893 = {
			isa = PBXGroup;
			children = (
				F1D9CD3C28A5DA3700C2B893 /* Packages */,
				F1D9CD1D28A5D9EE00C2B893 /* Shared */,
				F1D9CD2C28A5D9EF00C2B893 /* macOS */,
				F1D9CD2628A5D9EF00C2B893 /* Products */,
				F1D9CD3E28A600AD00C2B893 /* Frameworks */,
			);
			sourceTree = "<group>";
		};
		F1D9CD1D28A5D9EE00C2B893 /* Shared */ = {
			isa = PBXGroup;
			children = (
				F1D9CD2028A5D9EF00C2B893 /* Assets.xcassets */,
				F1D9CD1F28A5D9EE00C2B893 /* ContentView.swift */,
				F1D9CD1E28A5D9EE00C2B893 /* ControlsDemoApp.swift */,
				F1FAF68128CAA83B0072BCB9 /* ArcKnobDemoView.swift */,
				F1FAF68728CADEC40072BCB9 /* KeyboardDemoView.swift */,
				F1FAF67828CA79620072BCB9 /* IndexedSliderDemoView.swift */,
				F13848EB28C9F212003531F0 /* PitchModWheelDemoView.swift */,
				F155153728C96F6900E64E43 /* RibbonDemoView.swift */,
				F1FAF67B28CAA2BB0072BCB9 /* SmallKnobDemoView.swift */,
				F155153A28C9C48400E64E43 /* XYPadDemoView.swift */,
				F1FAF67E28CAA4B80072BCB9 /* JoystickDemoView.swift */,
			);
			path = Shared;
			sourceTree = "<group>";
		};
		F1D9CD2628A5D9EF00C2B893 /* Products */ = {
			isa = PBXGroup;
			children = (
				F1D9CD2528A5D9EF00C2B893 /* ControlsDemo.app */,
				F1D9CD2B28A5D9EF00C2B893 /* ControlsDemo.app */,
			);
			name = Products;
			sourceTree = "<group>";
		};
		F1D9CD2C28A5D9EF00C2B893 /* macOS */ = {
			isa = PBXGroup;
			children = (
				F1D9CD2D28A5D9EF00C2B893 /* macOS.entitlements */,
			);
			path = macOS;
			sourceTree = "<group>";
		};
		F1D9CD3C28A5DA3700C2B893 /* Packages */ = {
			isa = PBXGroup;
			children = (
				F1AF69D328A986D900472E04 /* Controls */,
			);
			name = Packages;
			sourceTree = "<group>";
		};
		F1D9CD3E28A600AD00C2B893 /* Frameworks */ = {
			isa = PBXGroup;
			children = (
			);
			name = Frameworks;
			sourceTree = "<group>";
		};
/* End PBXGroup section */

/* Begin PBXNativeTarget section */
		F1D9CD2428A5D9EF00C2B893 /* ControlsDemo (iOS) */ = {
			isa = PBXNativeTarget;
			buildConfigurationList = F1D9CD3628A5D9EF00C2B893 /* Build configuration list for PBXNativeTarget "ControlsDemo (iOS)" */;
			buildPhases = (
				F1D9CD2128A5D9EF00C2B893 /* Sources */,
				F1D9CD2228A5D9EF00C2B893 /* Frameworks */,
				F1D9CD2328A5D9EF00C2B893 /* Resources */,
			);
			buildRules = (
			);
			dependencies = (
			);
			name = "ControlsDemo (iOS)";
			packageProductDependencies = (
				F1AF69D428A986E700472E04 /* Controls */,
				F1FAF68528CADE650072BCB9 /* Keyboard */,
			);
			productName = "ControlsDemo (iOS)";
			productReference = F1D9CD2528A5D9EF00C2B893 /* ControlsDemo.app */;
			productType = "com.apple.product-type.application";
		};
		F1D9CD2A28A5D9EF00C2B893 /* ControlsDemo (macOS) */ = {
			isa = PBXNativeTarget;
			buildConfigurationList = F1D9CD3928A5D9EF00C2B893 /* Build configuration list for PBXNativeTarget "ControlsDemo (macOS)" */;
			buildPhases = (
				F1D9CD2728A5D9EF00C2B893 /* Sources */,
				F1D9CD2828A5D9EF00C2B893 /* Frameworks */,
				F1D9CD2928A5D9EF00C2B893 /* Resources */,
			);
			buildRules = (
			);
			dependencies = (
			);
			name = "ControlsDemo (macOS)";
			packageProductDependencies = (
				F1AF69D628A986F500472E04 /* Controls */,
				F1FAF68A28CADEFC0072BCB9 /* Keyboard */,
			);
			productName = "ControlsDemo (macOS)";
			productReference = F1D9CD2B28A5D9EF00C2B893 /* ControlsDemo.app */;
			productType = "com.apple.product-type.application";
		};
/* End PBXNativeTarget section */

/* Begin PBXProject section */
		F1D9CD1928A5D9EE00C2B893 /* Project object */ = {
			isa = PBXProject;
			attributes = {
				BuildIndependentTargetsInParallel = 1;
				LastSwiftUpdateCheck = 1340;
				LastUpgradeCheck = 1400;
				TargetAttributes = {
					F1D9CD2428A5D9EF00C2B893 = {
						CreatedOnToolsVersion = 13.4.1;
					};
					F1D9CD2A28A5D9EF00C2B893 = {
						CreatedOnToolsVersion = 13.4.1;
					};
				};
			};
			buildConfigurationList = F1D9CD1C28A5D9EE00C2B893 /* Build configuration list for PBXProject "ControlsDemo" */;
			compatibilityVersion = "Xcode 13.0";
			developmentRegion = en;
			hasScannedForEncodings = 0;
			knownRegions = (
				en,
				Base,
			);
			mainGroup = F1D9CD1828A5D9EE00C2B893;
			packageReferences = (
				F1FAF68428CADE650072BCB9 /* XCRemoteSwiftPackageReference "Keyboard" */,
			);
			productRefGroup = F1D9CD2628A5D9EF00C2B893 /* Products */;
			projectDirPath = "";
			projectRoot = "";
			targets = (
				F1D9CD2428A5D9EF00C2B893 /* ControlsDemo (iOS) */,
				F1D9CD2A28A5D9EF00C2B893 /* ControlsDemo (macOS) */,
			);
		};
/* End PBXProject section */

/* Begin PBXResourcesBuildPhase section */
		F1D9CD2328A5D9EF00C2B893 /* Resources */ = {
			isa = PBXResourcesBuildPhase;
			buildActionMask = 2147483647;
			files = (
				F1D9CD3228A5D9EF00C2B893 /* Assets.xcassets in Resources */,
			);
			runOnlyForDeploymentPostprocessing = 0;
		};
		F1D9CD2928A5D9EF00C2B893 /* Resources */ = {
			isa = PBXResourcesBuildPhase;
			buildActionMask = 2147483647;
			files = (
				F1D9CD3328A5D9EF00C2B893 /* Assets.xcassets in Resources */,
			);
			runOnlyForDeploymentPostprocessing = 0;
		};
/* End PBXResourcesBuildPhase section */

/* Begin PBXSourcesBuildPhase section */
		F1D9CD2128A5D9EF00C2B893 /* Sources */ = {
			isa = PBXSourcesBuildPhase;
			buildActionMask = 2147483647;
			files = (
				F1FAF68828CADEC40072BCB9 /* KeyboardDemoView.swift in Sources */,
				F13848EC28C9F212003531F0 /* PitchModWheelDemoView.swift in Sources */,
				F1FAF67F28CAA4B80072BCB9 /* JoystickDemoView.swift in Sources */,
				F1FAF67C28CAA2BB0072BCB9 /* SmallKnobDemoView.swift in Sources */,
				F155153B28C9C48400E64E43 /* XYPadDemoView.swift in Sources */,
				F1D9CD3028A5D9EF00C2B893 /* ContentView.swift in Sources */,
				F1FAF68228CAA83B0072BCB9 /* ArcKnobDemoView.swift in Sources */,
				F1D9CD2E28A5D9EF00C2B893 /* ControlsDemoApp.swift in Sources */,
				F1FAF67928CA79620072BCB9 /* IndexedSliderDemoView.swift in Sources */,
				F155153828C96F6900E64E43 /* RibbonDemoView.swift in Sources */,
			);
			runOnlyForDeploymentPostprocessing = 0;
		};
		F1D9CD2728A5D9EF00C2B893 /* Sources */ = {
			isa = PBXSourcesBuildPhase;
			buildActionMask = 2147483647;
			files = (
				F1FAF68928CADEC40072BCB9 /* KeyboardDemoView.swift in Sources */,
				F13848ED28C9F212003531F0 /* PitchModWheelDemoView.swift in Sources */,
				F1FAF68028CAA4B80072BCB9 /* JoystickDemoView.swift in Sources */,
				F1FAF67D28CAA2BB0072BCB9 /* SmallKnobDemoView.swift in Sources */,
				F155153C28C9C48400E64E43 /* XYPadDemoView.swift in Sources */,
				F1D9CD3128A5D9EF00C2B893 /* ContentView.swift in Sources */,
				F1FAF68328CAA83B0072BCB9 /* ArcKnobDemoView.swift in Sources */,
				F1D9CD2F28A5D9EF00C2B893 /* ControlsDemoApp.swift in Sources */,
				F1FAF67A28CA79620072BCB9 /* IndexedSliderDemoView.swift in Sources */,
				F155153928C96F6900E64E43 /* RibbonDemoView.swift in Sources */,
			);
			runOnlyForDeploymentPostprocessing = 0;
		};
/* End PBXSourcesBuildPhase section */

/* Begin XCBuildConfiguration section */
		F1D9CD3428A5D9EF00C2B893 /* Debug */ = {
			isa = XCBuildConfiguration;
			buildSettings = {
				ALWAYS_SEARCH_USER_PATHS = NO;
				CLANG_ANALYZER_NONNULL = YES;
				CLANG_ANALYZER_NUMBER_OBJECT_CONVERSION = YES_AGGRESSIVE;
				CLANG_CXX_LANGUAGE_STANDARD = "gnu++17";
				CLANG_ENABLE_MODULES = YES;
				CLANG_ENABLE_OBJC_ARC = YES;
				CLANG_ENABLE_OBJC_WEAK = YES;
				CLANG_WARN_BLOCK_CAPTURE_AUTORELEASING = YES;
				CLANG_WARN_BOOL_CONVERSION = YES;
				CLANG_WARN_COMMA = YES;
				CLANG_WARN_CONSTANT_CONVERSION = YES;
				CLANG_WARN_DEPRECATED_OBJC_IMPLEMENTATIONS = YES;
				CLANG_WARN_DIRECT_OBJC_ISA_USAGE = YES_ERROR;
				CLANG_WARN_DOCUMENTATION_COMMENTS = YES;
				CLANG_WARN_EMPTY_BODY = YES;
				CLANG_WARN_ENUM_CONVERSION = YES;
				CLANG_WARN_INFINITE_RECURSION = YES;
				CLANG_WARN_INT_CONVERSION = YES;
				CLANG_WARN_NON_LITERAL_NULL_CONVERSION = YES;
				CLANG_WARN_OBJC_IMPLICIT_RETAIN_SELF = YES;
				CLANG_WARN_OBJC_LITERAL_CONVERSION = YES;
				CLANG_WARN_OBJC_ROOT_CLASS = YES_ERROR;
				CLANG_WARN_QUOTED_INCLUDE_IN_FRAMEWORK_HEADER = YES;
				CLANG_WARN_RANGE_LOOP_ANALYSIS = YES;
				CLANG_WARN_STRICT_PROTOTYPES = YES;
				CLANG_WARN_SUSPICIOUS_MOVE = YES;
				CLANG_WARN_UNGUARDED_AVAILABILITY = YES_AGGRESSIVE;
				CLANG_WARN_UNREACHABLE_CODE = YES;
				CLANG_WARN__DUPLICATE_METHOD_MATCH = YES;
				COPY_PHASE_STRIP = NO;
				DEAD_CODE_STRIPPING = YES;
				DEBUG_INFORMATION_FORMAT = dwarf;
				ENABLE_STRICT_OBJC_MSGSEND = YES;
				ENABLE_TESTABILITY = YES;
				GCC_C_LANGUAGE_STANDARD = gnu11;
				GCC_DYNAMIC_NO_PIC = NO;
				GCC_NO_COMMON_BLOCKS = YES;
				GCC_OPTIMIZATION_LEVEL = 0;
				GCC_PREPROCESSOR_DEFINITIONS = (
					"DEBUG=1",
					"$(inherited)",
				);
				GCC_WARN_64_TO_32_BIT_CONVERSION = YES;
				GCC_WARN_ABOUT_RETURN_TYPE = YES_ERROR;
				GCC_WARN_UNDECLARED_SELECTOR = YES;
				GCC_WARN_UNINITIALIZED_AUTOS = YES_AGGRESSIVE;
				GCC_WARN_UNUSED_FUNCTION = YES;
				GCC_WARN_UNUSED_VARIABLE = YES;
				MTL_ENABLE_DEBUG_INFO = INCLUDE_SOURCE;
				MTL_FAST_MATH = YES;
				ONLY_ACTIVE_ARCH = YES;
				SWIFT_ACTIVE_COMPILATION_CONDITIONS = DEBUG;
				SWIFT_OPTIMIZATION_LEVEL = "-Onone";
			};
			name = Debug;
		};
		F1D9CD3528A5D9EF00C2B893 /* Release */ = {
			isa = XCBuildConfiguration;
			buildSettings = {
				ALWAYS_SEARCH_USER_PATHS = NO;
				CLANG_ANALYZER_NONNULL = YES;
				CLANG_ANALYZER_NUMBER_OBJECT_CONVERSION = YES_AGGRESSIVE;
				CLANG_CXX_LANGUAGE_STANDARD = "gnu++17";
				CLANG_ENABLE_MODULES = YES;
				CLANG_ENABLE_OBJC_ARC = YES;
				CLANG_ENABLE_OBJC_WEAK = YES;
				CLANG_WARN_BLOCK_CAPTURE_AUTORELEASING = YES;
				CLANG_WARN_BOOL_CONVERSION = YES;
				CLANG_WARN_COMMA = YES;
				CLANG_WARN_CONSTANT_CONVERSION = YES;
				CLANG_WARN_DEPRECATED_OBJC_IMPLEMENTATIONS = YES;
				CLANG_WARN_DIRECT_OBJC_ISA_USAGE = YES_ERROR;
				CLANG_WARN_DOCUMENTATION_COMMENTS = YES;
				CLANG_WARN_EMPTY_BODY = YES;
				CLANG_WARN_ENUM_CONVERSION = YES;
				CLANG_WARN_INFINITE_RECURSION = YES;
				CLANG_WARN_INT_CONVERSION = YES;
				CLANG_WARN_NON_LITERAL_NULL_CONVERSION = YES;
				CLANG_WARN_OBJC_IMPLICIT_RETAIN_SELF = YES;
				CLANG_WARN_OBJC_LITERAL_CONVERSION = YES;
				CLANG_WARN_OBJC_ROOT_CLASS = YES_ERROR;
				CLANG_WARN_QUOTED_INCLUDE_IN_FRAMEWORK_HEADER = YES;
				CLANG_WARN_RANGE_LOOP_ANALYSIS = YES;
				CLANG_WARN_STRICT_PROTOTYPES = YES;
				CLANG_WARN_SUSPICIOUS_MOVE = YES;
				CLANG_WARN_UNGUARDED_AVAILABILITY = YES_AGGRESSIVE;
				CLANG_WARN_UNREACHABLE_CODE = YES;
				CLANG_WARN__DUPLICATE_METHOD_MATCH = YES;
				COPY_PHASE_STRIP = NO;
				DEAD_CODE_STRIPPING = YES;
				DEBUG_INFORMATION_FORMAT = "dwarf-with-dsym";
				ENABLE_NS_ASSERTIONS = NO;
				ENABLE_STRICT_OBJC_MSGSEND = YES;
				GCC_C_LANGUAGE_STANDARD = gnu11;
				GCC_NO_COMMON_BLOCKS = YES;
				GCC_WARN_64_TO_32_BIT_CONVERSION = YES;
				GCC_WARN_ABOUT_RETURN_TYPE = YES_ERROR;
				GCC_WARN_UNDECLARED_SELECTOR = YES;
				GCC_WARN_UNINITIALIZED_AUTOS = YES_AGGRESSIVE;
				GCC_WARN_UNUSED_FUNCTION = YES;
				GCC_WARN_UNUSED_VARIABLE = YES;
				MTL_ENABLE_DEBUG_INFO = NO;
				MTL_FAST_MATH = YES;
				SWIFT_COMPILATION_MODE = wholemodule;
				SWIFT_OPTIMIZATION_LEVEL = "-O";
			};
			name = Release;
		};
		F1D9CD3728A5D9EF00C2B893 /* Debug */ = {
			isa = XCBuildConfiguration;
			buildSettings = {
				ASSETCATALOG_COMPILER_APPICON_NAME = AppIcon;
				ASSETCATALOG_COMPILER_GLOBAL_ACCENT_COLOR_NAME = AccentColor;
				CODE_SIGN_STYLE = Automatic;
				CURRENT_PROJECT_VERSION = 1;
				DEVELOPMENT_TEAM = 9W69ZP8S5F;
				ENABLE_PREVIEWS = YES;
				GENERATE_INFOPLIST_FILE = YES;
				INFOPLIST_KEY_UIApplicationSceneManifest_Generation = YES;
				INFOPLIST_KEY_UIApplicationSupportsIndirectInputEvents = YES;
				INFOPLIST_KEY_UILaunchScreen_Generation = YES;
				INFOPLIST_KEY_UISupportedInterfaceOrientations_iPad = "UIInterfaceOrientationPortrait UIInterfaceOrientationPortraitUpsideDown UIInterfaceOrientationLandscapeLeft UIInterfaceOrientationLandscapeRight";
				INFOPLIST_KEY_UISupportedInterfaceOrientations_iPhone = "UIInterfaceOrientationPortrait UIInterfaceOrientationLandscapeLeft UIInterfaceOrientationLandscapeRight";
				IPHONEOS_DEPLOYMENT_TARGET = 15.5;
				LD_RUNPATH_SEARCH_PATHS = (
					"$(inherited)",
					"@executable_path/Frameworks",
				);
				MARKETING_VERSION = 1.0;
				PRODUCT_BUNDLE_IDENTIFIER = io.audiokit.draggable.ControlsDemo;
				PRODUCT_NAME = ControlsDemo;
				SDKROOT = iphoneos;
				SWIFT_EMIT_LOC_STRINGS = YES;
				SWIFT_VERSION = 5.0;
				TARGETED_DEVICE_FAMILY = "1,2";
			};
			name = Debug;
		};
		F1D9CD3828A5D9EF00C2B893 /* Release */ = {
			isa = XCBuildConfiguration;
			buildSettings = {
				ASSETCATALOG_COMPILER_APPICON_NAME = AppIcon;
				ASSETCATALOG_COMPILER_GLOBAL_ACCENT_COLOR_NAME = AccentColor;
				CODE_SIGN_STYLE = Automatic;
				CURRENT_PROJECT_VERSION = 1;
				DEVELOPMENT_TEAM = 9W69ZP8S5F;
				ENABLE_PREVIEWS = YES;
				GENERATE_INFOPLIST_FILE = YES;
				INFOPLIST_KEY_UIApplicationSceneManifest_Generation = YES;
				INFOPLIST_KEY_UIApplicationSupportsIndirectInputEvents = YES;
				INFOPLIST_KEY_UILaunchScreen_Generation = YES;
				INFOPLIST_KEY_UISupportedInterfaceOrientations_iPad = "UIInterfaceOrientationPortrait UIInterfaceOrientationPortraitUpsideDown UIInterfaceOrientationLandscapeLeft UIInterfaceOrientationLandscapeRight";
				INFOPLIST_KEY_UISupportedInterfaceOrientations_iPhone = "UIInterfaceOrientationPortrait UIInterfaceOrientationLandscapeLeft UIInterfaceOrientationLandscapeRight";
				IPHONEOS_DEPLOYMENT_TARGET = 15.5;
				LD_RUNPATH_SEARCH_PATHS = (
					"$(inherited)",
					"@executable_path/Frameworks",
				);
				MARKETING_VERSION = 1.0;
				PRODUCT_BUNDLE_IDENTIFIER = io.audiokit.draggable.ControlsDemo;
				PRODUCT_NAME = ControlsDemo;
				SDKROOT = iphoneos;
				SWIFT_EMIT_LOC_STRINGS = YES;
				SWIFT_VERSION = 5.0;
				TARGETED_DEVICE_FAMILY = "1,2";
				VALIDATE_PRODUCT = YES;
			};
			name = Release;
		};
		F1D9CD3A28A5D9EF00C2B893 /* Debug */ = {
			isa = XCBuildConfiguration;
			buildSettings = {
				ASSETCATALOG_COMPILER_APPICON_NAME = AppIcon;
				ASSETCATALOG_COMPILER_GLOBAL_ACCENT_COLOR_NAME = AccentColor;
				CODE_SIGN_ENTITLEMENTS = macOS/macOS.entitlements;
				CODE_SIGN_IDENTITY = "-";
				CODE_SIGN_STYLE = Automatic;
				COMBINE_HIDPI_IMAGES = YES;
				CURRENT_PROJECT_VERSION = 1;
				DEAD_CODE_STRIPPING = YES;
				DEVELOPMENT_TEAM = 9W69ZP8S5F;
				ENABLE_HARDENED_RUNTIME = YES;
				ENABLE_PREVIEWS = YES;
				GENERATE_INFOPLIST_FILE = YES;
				INFOPLIST_KEY_NSHumanReadableCopyright = "";
				LD_RUNPATH_SEARCH_PATHS = (
					"$(inherited)",
					"@executable_path/../Frameworks",
				);
				MACOSX_DEPLOYMENT_TARGET = 12.3;
				MARKETING_VERSION = 1.0;
				PRODUCT_BUNDLE_IDENTIFIER = io.audiokit.draggable.ControlsDemo;
				PRODUCT_NAME = ControlsDemo;
				SDKROOT = macosx;
				SWIFT_EMIT_LOC_STRINGS = YES;
				SWIFT_VERSION = 5.0;
			};
			name = Debug;
		};
		F1D9CD3B28A5D9EF00C2B893 /* Release */ = {
			isa = XCBuildConfiguration;
			buildSettings = {
				ASSETCATALOG_COMPILER_APPICON_NAME = AppIcon;
				ASSETCATALOG_COMPILER_GLOBAL_ACCENT_COLOR_NAME = AccentColor;
				CODE_SIGN_ENTITLEMENTS = macOS/macOS.entitlements;
				CODE_SIGN_IDENTITY = "-";
				CODE_SIGN_STYLE = Automatic;
				COMBINE_HIDPI_IMAGES = YES;
				CURRENT_PROJECT_VERSION = 1;
				DEAD_CODE_STRIPPING = YES;
				DEVELOPMENT_TEAM = 9W69ZP8S5F;
				ENABLE_HARDENED_RUNTIME = YES;
				ENABLE_PREVIEWS = YES;
				GENERATE_INFOPLIST_FILE = YES;
				INFOPLIST_KEY_NSHumanReadableCopyright = "";
				LD_RUNPATH_SEARCH_PATHS = (
					"$(inherited)",
					"@executable_path/../Frameworks",
				);
				MACOSX_DEPLOYMENT_TARGET = 12.3;
				MARKETING_VERSION = 1.0;
				PRODUCT_BUNDLE_IDENTIFIER = io.audiokit.draggable.ControlsDemo;
				PRODUCT_NAME = ControlsDemo;
				SDKROOT = macosx;
				SWIFT_EMIT_LOC_STRINGS = YES;
				SWIFT_VERSION = 5.0;
			};
			name = Release;
		};
/* End XCBuildConfiguration section */

/* Begin XCConfigurationList section */
		F1D9CD1C28A5D9EE00C2B893 /* Build configuration list for PBXProject "ControlsDemo" */ = {
			isa = XCConfigurationList;
			buildConfigurations = (
				F1D9CD3428A5D9EF00C2B893 /* Debug */,
				F1D9CD3528A5D9EF00C2B893 /* Release */,
			);
			defaultConfigurationIsVisible = 0;
			defaultConfigurationName = Release;
		};
		F1D9CD3628A5D9EF00C2B893 /* Build configuration list for PBXNativeTarget "ControlsDemo (iOS)" */ = {
			isa = XCConfigurationList;
			buildConfigurations = (
				F1D9CD3728A5D9EF00C2B893 /* Debug */,
				F1D9CD3828A5D9EF00C2B893 /* Release */,
			);
			defaultConfigurationIsVisible = 0;
			defaultConfigurationName = Release;
		};
		F1D9CD3928A5D9EF00C2B893 /* Build configuration list for PBXNativeTarget "ControlsDemo (macOS)" */ = {
			isa = XCConfigurationList;
			buildConfigurations = (
				F1D9CD3A28A5D9EF00C2B893 /* Debug */,
				F1D9CD3B28A5D9EF00C2B893 /* Release */,
			);
			defaultConfigurationIsVisible = 0;
			defaultConfigurationName = Release;
		};
/* End XCConfigurationList section */

/* Begin XCRemoteSwiftPackageReference section */
		F1FAF68428CADE650072BCB9 /* XCRemoteSwiftPackageReference "Keyboard" */ = {
			isa = XCRemoteSwiftPackageReference;
			repositoryURL = "https://github.com/AudioKit/Keyboard.git";
			requirement = {
				kind = upToNextMajorVersion;
				minimumVersion = 1.0.0;
			};
		};
/* End XCRemoteSwiftPackageReference section */

/* Begin XCSwiftPackageProductDependency section */
		F1AF69D428A986E700472E04 /* Controls */ = {
			isa = XCSwiftPackageProductDependency;
			productName = Controls;
		};
		F1AF69D628A986F500472E04 /* Controls */ = {
			isa = XCSwiftPackageProductDependency;
			productName = Controls;
		};
		F1FAF68528CADE650072BCB9 /* Keyboard */ = {
			isa = XCSwiftPackageProductDependency;
			package = F1FAF68428CADE650072BCB9 /* XCRemoteSwiftPackageReference "Keyboard" */;
			productName = Keyboard;
		};
		F1FAF68A28CADEFC0072BCB9 /* Keyboard */ = {
			isa = XCSwiftPackageProductDependency;
			package = F1FAF68428CADE650072BCB9 /* XCRemoteSwiftPackageReference "Keyboard" */;
			productName = Keyboard;
		};
/* End XCSwiftPackageProductDependency section */
	};
	rootObject = F1D9CD1928A5D9EE00C2B893 /* Project object */;
}
